
Microsoft Visual Studio Solution File, Format Version 12.00
# Visual Studio Version 16
VisualStudioVersion = 25.0.1703.8
MinimumVisualStudioVersion = 10.0.40219.1
Project("{FAE04EC0-301F-11D3-BF4B-00C04F79EFBC}") = "Pop_Darius_Ionatan_Lab2", "Pop_Darius_Ionatan_Lab2\Pop_Darius_Ionatan_Lab2.csproj", "{2CD95ABB-B524-4242-82AA-7A1926A7E26E}"
EndProject
Global
	GlobalSection(SolutionConfigurationPlatforms) = preSolution
		Debug|Any CPU = Debug|Any CPU
		Release|Any CPU = Release|Any CPU
	EndGlobalSection
	GlobalSection(ProjectConfigurationPlatforms) = postSolution
		{2CD95ABB-B524-4242-82AA-7A1926A7E26E}.Debug|Any CPU.ActiveCfg = Debug|Any CPU
		{2CD95ABB-B524-4242-82AA-7A1926A7E26E}.Debug|Any CPU.Build.0 = Debug|Any CPU
		{2CD95ABB-B524-4242-82AA-7A1926A7E26E}.Release|Any CPU.ActiveCfg = Release|Any CPU
		{2CD95ABB-B524-4242-82AA-7A1926A7E26E}.Release|Any CPU.Build.0 = Release|Any CPU
	EndGlobalSection
	GlobalSection(SolutionProperties) = preSolution
		HideSolutionNode = FALSE
	EndGlobalSection
	GlobalSection(ExtensibilityGlobals) = postSolution
		SolutionGuid = {CBAFD3D8-525A-4338-947A-6E0129D0A7FE}
	EndGlobalSection
EndGlobal
